
Microsoft Visual Studio Solution File, Format Version 12.00
# Visual Studio 15
VisualStudioVersion = 15.0.28010.2036
MinimumVisualStudioVersion = 10.0.40219.1
Project("{FAE04EC0-301F-11D3-BF4B-00C04F79EFBC}") = "NaSkorost'", "NaSkorost'\NaSkorost'.csproj", "{AA8F0269-54FF-449D-84CD-26B8C7CD8676}"
EndProject
Global
	GlobalSection(SolutionConfigurationPlatforms) = preSolution
		Debug|Any CPU = Debug|Any CPU
		Release|Any CPU = Release|Any CPU
	EndGlobalSection
	GlobalSection(ProjectConfigurationPlatforms) = postSolution
		{AA8F0269-54FF-449D-84CD-26B8C7CD8676}.Debug|Any CPU.ActiveCfg = Debug|Any CPU
		{AA8F0269-54FF-449D-84CD-26B8C7CD8676}.Debug|Any CPU.Build.0 = Debug|Any CPU
		{AA8F0269-54FF-449D-84CD-26B8C7CD8676}.Release|Any CPU.ActiveCfg = Release|Any CPU
		{AA8F0269-54FF-449D-84CD-26B8C7CD8676}.Release|Any CPU.Build.0 = Release|Any CPU
	EndGlobalSection
	GlobalSection(SolutionProperties) = preSolution
		HideSolutionNode = FALSE
	EndGlobalSection
	GlobalSection(ExtensibilityGlobals) = postSolution
		SolutionGuid = {74AE166F-7983-42E7-B5F7-0ECF55CA2548}
	EndGlobalSection
EndGlobal
